
Microsoft Visual Studio Solution File, Format Version 12.00
# Visual Studio 15
VisualStudioVersion = 15.0.27428.2015
MinimumVisualStudioVersion = 10.0.40219.1
Project("{FAE04EC0-301F-11D3-BF4B-00C04F79EFBC}") = "EVoucher", "EVoucher\EVoucher.csproj", "{76C6E3C3-2943-472F-9166-55DAF31444EA}"
EndProject
Project("{FAE04EC0-301F-11D3-BF4B-00C04F79EFBC}") = "EVoucher.Lib", "EVoucher.Lib\EVoucher.Lib.csproj", "{545776F4-4104-4532-BE1B-DD3B5E3697AD}"
EndProject
Global
	GlobalSection(SolutionConfigurationPlatforms) = preSolution
		Debug|Any CPU = Debug|Any CPU
		Release|Any CPU = Release|Any CPU
	EndGlobalSection
	GlobalSection(ProjectConfigurationPlatforms) = postSolution
		{76C6E3C3-2943-472F-9166-55DAF31444EA}.Debug|Any CPU.ActiveCfg = Debug|Any CPU
		{76C6E3C3-2943-472F-9166-55DAF31444EA}.Debug|Any CPU.Build.0 = Debug|Any CPU
		{76C6E3C3-2943-472F-9166-55DAF31444EA}.Release|Any CPU.ActiveCfg = Release|Any CPU
		{76C6E3C3-2943-472F-9166-55DAF31444EA}.Release|Any CPU.Build.0 = Release|Any CPU
		{545776F4-4104-4532-BE1B-DD3B5E3697AD}.Debug|Any CPU.ActiveCfg = Debug|Any CPU
		{545776F4-4104-4532-BE1B-DD3B5E3697AD}.Debug|Any CPU.Build.0 = Debug|Any CPU
		{545776F4-4104-4532-BE1B-DD3B5E3697AD}.Release|Any CPU.ActiveCfg = Release|Any CPU
		{545776F4-4104-4532-BE1B-DD3B5E3697AD}.Release|Any CPU.Build.0 = Release|Any CPU
	EndGlobalSection
	GlobalSection(SolutionProperties) = preSolution
		HideSolutionNode = FALSE
	EndGlobalSection
	GlobalSection(ExtensibilityGlobals) = postSolution
		SolutionGuid = {42E34064-27AF-419F-B49A-E66866A1421C}
	EndGlobalSection
EndGlobal
